
Microsoft Visual Studio Solution File, Format Version 12.00
# Visual Studio Version 17
VisualStudioVersion = 17.8.34330.188
MinimumVisualStudioVersion = 10.0.40219.1
Project("{FAE04EC0-301F-11D3-BF4B-00C04F79EFBC}") = "raceGame", "raceGame\raceGame.csproj", "{6E34067F-FBB1-45B5-B60C-BDF71A99BAC1}"
EndProject
Global
	GlobalSection(SolutionConfigurationPlatforms) = preSolution
		Debug|Any CPU = Debug|Any CPU
		Release|Any CPU = Release|Any CPU
	EndGlobalSection
	GlobalSection(ProjectConfigurationPlatforms) = postSolution
		{6E34067F-FBB1-45B5-B60C-BDF71A99BAC1}.Debug|Any CPU.ActiveCfg = Debug|Any CPU
		{6E34067F-FBB1-45B5-B60C-BDF71A99BAC1}.Debug|Any CPU.Build.0 = Debug|Any CPU
		{6E34067F-FBB1-45B5-B60C-BDF71A99BAC1}.Release|Any CPU.ActiveCfg = Release|Any CPU
		{6E34067F-FBB1-45B5-B60C-BDF71A99BAC1}.Release|Any CPU.Build.0 = Release|Any CPU
	EndGlobalSection
	GlobalSection(SolutionProperties) = preSolution
		HideSolutionNode = FALSE
	EndGlobalSection
	GlobalSection(ExtensibilityGlobals) = postSolution
		SolutionGuid = {87B2B31D-0C53-48B6-BA1F-97DF92C130B6}
	EndGlobalSection
EndGlobal
