
Microsoft Visual Studio Solution File, Format Version 12.00
# Visual Studio Version 17
VisualStudioVersion = 17.8.34330.188
MinimumVisualStudioVersion = 10.0.40219.1
Project("{FAE04EC0-301F-11D3-BF4B-00C04F79EFBC}") = "BT_C7", "BT_C7\BT_C7.csproj", "{D553FBF1-C2B5-4577-8519-5E004C1A6666}"
EndProject
Global
	GlobalSection(SolutionConfigurationPlatforms) = preSolution
		Debug|Any CPU = Debug|Any CPU
		Release|Any CPU = Release|Any CPU
	EndGlobalSection
	GlobalSection(ProjectConfigurationPlatforms) = postSolution
		{D553FBF1-C2B5-4577-8519-5E004C1A6666}.Debug|Any CPU.ActiveCfg = Debug|Any CPU
		{D553FBF1-C2B5-4577-8519-5E004C1A6666}.Debug|Any CPU.Build.0 = Debug|Any CPU
		{D553FBF1-C2B5-4577-8519-5E004C1A6666}.Release|Any CPU.ActiveCfg = Release|Any CPU
		{D553FBF1-C2B5-4577-8519-5E004C1A6666}.Release|Any CPU.Build.0 = Release|Any CPU
	EndGlobalSection
	GlobalSection(SolutionProperties) = preSolution
		HideSolutionNode = FALSE
	EndGlobalSection
	GlobalSection(ExtensibilityGlobals) = postSolution
		SolutionGuid = {B1E7E4A7-5019-4824-A97B-1B06594C7076}
	EndGlobalSection
EndGlobal
