
Microsoft Visual Studio Solution File, Format Version 12.00
# Visual Studio Version 17
VisualStudioVersion = 17.8.34330.188
MinimumVisualStudioVersion = 10.0.40219.1
Project("{FAE04EC0-301F-11D3-BF4B-00C04F79EFBC}") = "BT_4", "BT_4\BT_4.csproj", "{F7F9E09F-0352-4914-919D-8321D4A83C03}"
EndProject
Global
	GlobalSection(SolutionConfigurationPlatforms) = preSolution
		Debug|Any CPU = Debug|Any CPU
		Release|Any CPU = Release|Any CPU
	EndGlobalSection
	GlobalSection(ProjectConfigurationPlatforms) = postSolution
		{F7F9E09F-0352-4914-919D-8321D4A83C03}.Debug|Any CPU.ActiveCfg = Debug|Any CPU
		{F7F9E09F-0352-4914-919D-8321D4A83C03}.Debug|Any CPU.Build.0 = Debug|Any CPU
		{F7F9E09F-0352-4914-919D-8321D4A83C03}.Release|Any CPU.ActiveCfg = Release|Any CPU
		{F7F9E09F-0352-4914-919D-8321D4A83C03}.Release|Any CPU.Build.0 = Release|Any CPU
	EndGlobalSection
	GlobalSection(SolutionProperties) = preSolution
		HideSolutionNode = FALSE
	EndGlobalSection
	GlobalSection(ExtensibilityGlobals) = postSolution
		SolutionGuid = {E00DC394-FD02-44EC-873B-3519954E7DCD}
	EndGlobalSection
EndGlobal
