
Microsoft Visual Studio Solution File, Format Version 12.00
# Visual Studio Version 17
VisualStudioVersion = 17.8.34330.188
MinimumVisualStudioVersion = 10.0.40219.1
Project("{FAE04EC0-301F-11D3-BF4B-00C04F79EFBC}") = "WindowsFormsApp1", "WindowsFormsApp1\WindowsFormsApp1.csproj", "{2D31E0AE-E42C-4D60-947A-10AAEDB0D0A7}"
EndProject
Global
	GlobalSection(SolutionConfigurationPlatforms) = preSolution
		Debug|Any CPU = Debug|Any CPU
		Release|Any CPU = Release|Any CPU
	EndGlobalSection
	GlobalSection(ProjectConfigurationPlatforms) = postSolution
		{2D31E0AE-E42C-4D60-947A-10AAEDB0D0A7}.Debug|Any CPU.ActiveCfg = Debug|Any CPU
		{2D31E0AE-E42C-4D60-947A-10AAEDB0D0A7}.Debug|Any CPU.Build.0 = Debug|Any CPU
		{2D31E0AE-E42C-4D60-947A-10AAEDB0D0A7}.Release|Any CPU.ActiveCfg = Release|Any CPU
		{2D31E0AE-E42C-4D60-947A-10AAEDB0D0A7}.Release|Any CPU.Build.0 = Release|Any CPU
	EndGlobalSection
	GlobalSection(SolutionProperties) = preSolution
		HideSolutionNode = FALSE
	EndGlobalSection
	GlobalSection(ExtensibilityGlobals) = postSolution
		SolutionGuid = {EF8ED06B-957F-477B-917A-817DA9D68FC5}
	EndGlobalSection
EndGlobal
