
Microsoft Visual Studio Solution File, Format Version 12.00
# Visual Studio Version 17
VisualStudioVersion = 17.8.34330.188
MinimumVisualStudioVersion = 10.0.40219.1
Project("{FAE04EC0-301F-11D3-BF4B-00C04F79EFBC}") = "BTLT_2_2", "BTLT_2_2\BTLT_2_2.csproj", "{2A626510-B7F8-4C10-B80C-210559C0DAC2}"
EndProject
Global
	GlobalSection(SolutionConfigurationPlatforms) = preSolution
		Debug|Any CPU = Debug|Any CPU
		Release|Any CPU = Release|Any CPU
	EndGlobalSection
	GlobalSection(ProjectConfigurationPlatforms) = postSolution
		{2A626510-B7F8-4C10-B80C-210559C0DAC2}.Debug|Any CPU.ActiveCfg = Debug|Any CPU
		{2A626510-B7F8-4C10-B80C-210559C0DAC2}.Debug|Any CPU.Build.0 = Debug|Any CPU
		{2A626510-B7F8-4C10-B80C-210559C0DAC2}.Release|Any CPU.ActiveCfg = Release|Any CPU
		{2A626510-B7F8-4C10-B80C-210559C0DAC2}.Release|Any CPU.Build.0 = Release|Any CPU
	EndGlobalSection
	GlobalSection(SolutionProperties) = preSolution
		HideSolutionNode = FALSE
	EndGlobalSection
	GlobalSection(ExtensibilityGlobals) = postSolution
		SolutionGuid = {E1245A79-7B2E-47FE-99EC-B566DD5E3405}
	EndGlobalSection
EndGlobal
