
Microsoft Visual Studio Solution File, Format Version 12.00
# Visual Studio Version 17
VisualStudioVersion = 17.8.34330.188
MinimumVisualStudioVersion = 10.0.40219.1
Project("{FAE04EC0-301F-11D3-BF4B-00C04F79EFBC}") = "BT_2_6", "BT_2_6\BT_2_6.csproj", "{2D6A8794-087A-4B95-843F-EA9D877C9B95}"
EndProject
Global
	GlobalSection(SolutionConfigurationPlatforms) = preSolution
		Debug|Any CPU = Debug|Any CPU
		Release|Any CPU = Release|Any CPU
	EndGlobalSection
	GlobalSection(ProjectConfigurationPlatforms) = postSolution
		{2D6A8794-087A-4B95-843F-EA9D877C9B95}.Debug|Any CPU.ActiveCfg = Debug|Any CPU
		{2D6A8794-087A-4B95-843F-EA9D877C9B95}.Debug|Any CPU.Build.0 = Debug|Any CPU
		{2D6A8794-087A-4B95-843F-EA9D877C9B95}.Release|Any CPU.ActiveCfg = Release|Any CPU
		{2D6A8794-087A-4B95-843F-EA9D877C9B95}.Release|Any CPU.Build.0 = Release|Any CPU
	EndGlobalSection
	GlobalSection(SolutionProperties) = preSolution
		HideSolutionNode = FALSE
	EndGlobalSection
	GlobalSection(ExtensibilityGlobals) = postSolution
		SolutionGuid = {B79AE3B9-C5E5-44A2-920F-72B32D5077C4}
	EndGlobalSection
EndGlobal
